
Microsoft Visual Studio Solution File, Format Version 12.00
# Visual Studio Version 16
VisualStudioVersion = 16.0.30413.136
MinimumVisualStudioVersion = 10.0.40219.1
Project("{FAE04EC0-301F-11D3-BF4B-00C04F79EFBC}") = "Forms.API", "src\Forms.API\Forms.API.csproj", "{B9ECBE7B-B2F2-441F-AAB6-0C2A5E9B2622}"
EndProject
Project("{FAE04EC0-301F-11D3-BF4B-00C04F79EFBC}") = "Froms.Domain", "src\Froms.Domain\Froms.Domain.csproj", "{4C4151E4-5C3C-4C3C-BFBF-1F4C24431E5C}"
EndProject
Project("{FAE04EC0-301F-11D3-BF4B-00C04F79EFBC}") = "Forms.Infrastructure", "src\Forms.Infrastructure\Forms.Infrastructure.csproj", "{57A20C4F-C124-4AFA-8A31-AFC508968300}"
EndProject
Project("{2150E333-8FDC-42A3-9474-1A3956D46DE8}") = "tests", "tests", "{1B2CD471-6781-477A-93CE-BB3217496AE8}"
EndProject
Project("{2150E333-8FDC-42A3-9474-1A3956D46DE8}") = "Solution Items", "Solution Items", "{97628DFC-23F3-48BE-AF7F-668351123920}"
	ProjectSection(SolutionItems) = preProject
		.gitignore = .gitignore
	EndProjectSection
EndProject
Global
	GlobalSection(SolutionConfigurationPlatforms) = preSolution
		Debug|Any CPU = Debug|Any CPU
		Release|Any CPU = Release|Any CPU
	EndGlobalSection
	GlobalSection(ProjectConfigurationPlatforms) = postSolution
		{B9ECBE7B-B2F2-441F-AAB6-0C2A5E9B2622}.Debug|Any CPU.ActiveCfg = Debug|Any CPU
		{B9ECBE7B-B2F2-441F-AAB6-0C2A5E9B2622}.Debug|Any CPU.Build.0 = Debug|Any CPU
		{B9ECBE7B-B2F2-441F-AAB6-0C2A5E9B2622}.Release|Any CPU.ActiveCfg = Release|Any CPU
		{B9ECBE7B-B2F2-441F-AAB6-0C2A5E9B2622}.Release|Any CPU.Build.0 = Release|Any CPU
		{4C4151E4-5C3C-4C3C-BFBF-1F4C24431E5C}.Debug|Any CPU.ActiveCfg = Debug|Any CPU
		{4C4151E4-5C3C-4C3C-BFBF-1F4C24431E5C}.Debug|Any CPU.Build.0 = Debug|Any CPU
		{4C4151E4-5C3C-4C3C-BFBF-1F4C24431E5C}.Release|Any CPU.ActiveCfg = Release|Any CPU
		{4C4151E4-5C3C-4C3C-BFBF-1F4C24431E5C}.Release|Any CPU.Build.0 = Release|Any CPU
		{57A20C4F-C124-4AFA-8A31-AFC508968300}.Debug|Any CPU.ActiveCfg = Debug|Any CPU
		{57A20C4F-C124-4AFA-8A31-AFC508968300}.Debug|Any CPU.Build.0 = Debug|Any CPU
		{57A20C4F-C124-4AFA-8A31-AFC508968300}.Release|Any CPU.ActiveCfg = Release|Any CPU
		{57A20C4F-C124-4AFA-8A31-AFC508968300}.Release|Any CPU.Build.0 = Release|Any CPU
	EndGlobalSection
	GlobalSection(SolutionProperties) = preSolution
		HideSolutionNode = FALSE
	EndGlobalSection
	GlobalSection(ExtensibilityGlobals) = postSolution
		SolutionGuid = {4FC667C6-7783-476C-92DE-547816F7DBFA}
	EndGlobalSection
EndGlobal
